Microsoft Visual Studio Solution File, Format Version 12.00
# Visual Studio Version 17
VisualStudioVersion = 17.5.2.0
MinimumVisualStudioVersion = 10.0.40219.1
Project("{FAE04EC0-301F-11D3-BF4B-00C04F79EFBC}") = "IDFProject", "IDFProject.csproj", "{644771F9-D741-9CC7-7A46-1C7B64D25DAC}"
EndProject
Global
	GlobalSection(SolutionConfigurationPlatforms) = preSolution
		Debug|Any CPU = Debug|Any CPU
		Release|Any CPU = Release|Any CPU
	EndGlobalSection
	GlobalSection(ProjectConfigurationPlatforms) = postSolution
		{644771F9-D741-9CC7-7A46-1C7B64D25DAC}.Debug|Any CPU.ActiveCfg = Debug|Any CPU
		{644771F9-D741-9CC7-7A46-1C7B64D25DAC}.Debug|Any CPU.Build.0 = Debug|Any CPU
		{644771F9-D741-9CC7-7A46-1C7B64D25DAC}.Release|Any CPU.ActiveCfg = Release|Any CPU
		{644771F9-D741-9CC7-7A46-1C7B64D25DAC}.Release|Any CPU.Build.0 = Release|Any CPU
	EndGlobalSection
	GlobalSection(SolutionProperties) = preSolution
		HideSolutionNode = FALSE
	EndGlobalSection
	GlobalSection(ExtensibilityGlobals) = postSolution
		SolutionGuid = {737C4F98-3135-4D37-A2B5-F73B5AB9DA2D}
	EndGlobalSection
EndGlobal
